
Microsoft Visual Studio Solution File, Format Version 12.00
# Visual Studio 15
Project("{FAE04EC0-301F-11D3-BF4B-00C04F79EFBC}") = "UnityEngine.UI", "UnityEngine.UI.csproj", "{85C05899-9C03-3C98-E3C0-4B5A2BB0A76C}"
EndProject
Project("{FAE04EC0-301F-11D3-BF4B-00C04F79EFBC}") = "Assembly-CSharp", "Assembly-CSharp.csproj", "{F1022013-1F06-B27B-303F-9BDDF6F3DCD6}"
EndProject
Project("{FAE04EC0-301F-11D3-BF4B-00C04F79EFBC}") = "UnityEditor.UI", "UnityEditor.UI.csproj", "{A6EDF146-47FE-AEE1-C966-A3A3FECE4D96}"
EndProject
Global
	GlobalSection(SolutionConfigurationPlatforms) = preSolution
		Debug|Any CPU = Debug|Any CPU
		Release|Any CPU = Release|Any CPU
	EndGlobalSection
	GlobalSection(ProjectConfigurationPlatforms) = postSolution
		{85C05899-9C03-3C98-E3C0-4B5A2BB0A76C}.Debug|Any CPU.ActiveCfg = Debug|Any CPU
		{85C05899-9C03-3C98-E3C0-4B5A2BB0A76C}.Debug|Any CPU.Build.0 = Debug|Any CPU
		{85C05899-9C03-3C98-E3C0-4B5A2BB0A76C}.Release|Any CPU.ActiveCfg = Release|Any CPU
		{85C05899-9C03-3C98-E3C0-4B5A2BB0A76C}.Release|Any CPU.Build.0 = Release|Any CPU
		{F1022013-1F06-B27B-303F-9BDDF6F3DCD6}.Debug|Any CPU.ActiveCfg = Debug|Any CPU
		{F1022013-1F06-B27B-303F-9BDDF6F3DCD6}.Debug|Any CPU.Build.0 = Debug|Any CPU
		{F1022013-1F06-B27B-303F-9BDDF6F3DCD6}.Release|Any CPU.ActiveCfg = Release|Any CPU
		{F1022013-1F06-B27B-303F-9BDDF6F3DCD6}.Release|Any CPU.Build.0 = Release|Any CPU
		{A6EDF146-47FE-AEE1-C966-A3A3FECE4D96}.Debug|Any CPU.ActiveCfg = Debug|Any CPU
		{A6EDF146-47FE-AEE1-C966-A3A3FECE4D96}.Debug|Any CPU.Build.0 = Debug|Any CPU
		{A6EDF146-47FE-AEE1-C966-A3A3FECE4D96}.Release|Any CPU.ActiveCfg = Release|Any CPU
		{A6EDF146-47FE-AEE1-C966-A3A3FECE4D96}.Release|Any CPU.Build.0 = Release|Any CPU
	EndGlobalSection
	GlobalSection(SolutionProperties) = preSolution
		HideSolutionNode = FALSE
	EndGlobalSection
EndGlobal
